// !$*UTF8*$!
{
	archiveVersion = 1;
	classes = {
	};
	objectVersion = 46;
	objects = {

/* Begin PBXBuildFile section */
		2487BA6A1973BE9B004EE3E4 /* Foundation.framework in Frameworks */ = {isa = PBXBuildFile; fileRef = 2487BA691973BE9B004EE3E4 /* Foundation.framework */; };
		2487BA6C1973BE9B004EE3E4 /* CoreGraphics.framework in Frameworks */ = {isa = PBXBuildFile; fileRef = 2487BA6B1973BE9B004EE3E4 /* CoreGraphics.framework */; };
		2487BA6E1973BE9B004EE3E4 /* UIKit.framework in Frameworks */ = {isa = PBXBuildFile; fileRef = 2487BA6D1973BE9B004EE3E4 /* UIKit.framework */; };
		2487BA741973BE9B004EE3E4 /* InfoPlist.strings in Resources */ = {isa = PBXBuildFile; fileRef = 2487BA721973BE9B004EE3E4 /* InfoPlist.strings */; };
		2487BA761973BE9B004EE3E4 /* main.m in Sources */ = {isa = PBXBuildFile; fileRef = 2487BA751973BE9B004EE3E4 /* main.m */; };
		2487BA7A1973BE9B004EE3E4 /* AppDelegate.m in Sources */ = {isa = PBXBuildFile; fileRef = 2487BA791973BE9B004EE3E4 /* AppDelegate.m */; };
		2487BA7C1973BE9C004EE3E4 /* Images.xcassets in Resources */ = {isa = PBXBuildFile; fileRef = 2487BA7B1973BE9C004EE3E4 /* Images.xcassets */; };
		2487BA831973BE9C004EE3E4 /* XCTest.framework in Frameworks */ = {isa = PBXBuildFile; fileRef = 2487BA821973BE9C004EE3E4 /* XCTest.framework */; };
		2487BA841973BE9C004EE3E4 /* Foundation.framework in Frameworks */ = {isa = PBXBuildFile; fileRef = 2487BA691973BE9B004EE3E4 /* Foundation.framework */; };
		2487BA851973BE9C004EE3E4 /* UIKit.framework in Frameworks */ = {isa = PBXBuildFile; fileRef = 2487BA6D1973BE9B004EE3E4 /* UIKit.framework */; };
		2487BA8D1973BE9C004EE3E4 /* InfoPlist.strings in Resources */ = {isa = PBXBuildFile; fileRef = 2487BA8B1973BE9C004EE3E4 /* InfoPlist.strings */; };
		2487BA8F1973BE9C004EE3E4 /* HankakuTweetTests.m in Sources */ = {isa = PBXBuildFile; fileRef = 2487BA8E1973BE9C004EE3E4 /* HankakuTweetTests.m */; };
		2487BA991973CE98004EE3E4 /* Social.framework in Frameworks */ = {isa = PBXBuildFile; fileRef = 2487BA981973CE98004EE3E4 /* Social.framework */; };
		2487BA9B1973CFCE004EE3E4 /* Main.storyboard in Resources */ = {isa = PBXBuildFile; fileRef = 2487BA9A1973CFCE004EE3E4 /* Main.storyboard */; };
		2487BA9C1973CFCE004EE3E4 /* Main.storyboard in Resources */ = {isa = PBXBuildFile; fileRef = 2487BA9A1973CFCE004EE3E4 /* Main.storyboard */; };
		2487BA9F1973D039004EE3E4 /* ViewController.m in Sources */ = {isa = PBXBuildFile; fileRef = 2487BA9E1973D039004EE3E4 /* ViewController.m */; };
		2487BAA01973D039004EE3E4 /* ViewController.m in Sources */ = {isa = PBXBuildFile; fileRef = 2487BA9E1973D039004EE3E4 /* ViewController.m */; };
		2487BAE71973DD79004EE3E4 /* NSString+HankakuKana.m in Sources */ = {isa = PBXBuildFile; fileRef = 2487BAE61973DD79004EE3E4 /* NSString+HankakuKana.m */; };
		2487BAE81973DD79004EE3E4 /* NSString+HankakuKana.m in Sources */ = {isa = PBXBuildFile; fileRef = 2487BAE61973DD79004EE3E4 /* NSString+HankakuKana.m */; };
		24E0945B1974A2D6008E08C2 /* iAd.framework in Frameworks */ = {isa = PBXBuildFile; fileRef = 24E0945A1974A2D6008E08C2 /* iAd.framework */; };
		24E0945D1974B5DC008E08C2 /* ImobileSdkAds.framework in Frameworks */ = {isa = PBXBuildFile; fileRef = 24E0945C1974B5DC008E08C2 /* ImobileSdkAds.framework */; };
		24E0945E1974B5DC008E08C2 /* ImobileSdkAds.framework in Frameworks */ = {isa = PBXBuildFile; fileRef = 24E0945C1974B5DC008E08C2 /* ImobileSdkAds.framework */; };
		24E094601974B5FC008E08C2 /* SystemConfiguration.framework in Frameworks */ = {isa = PBXBuildFile; fileRef = 24E0945F1974B5FC008E08C2 /* SystemConfiguration.framework */; };
		24E094621974B60E008E08C2 /* AdSupport.framework in Frameworks */ = {isa = PBXBuildFile; fileRef = 24E094611974B60E008E08C2 /* AdSupport.framework */; settings = {ATTRIBUTES = (Weak, ); }; };
		24E094641974B617008E08C2 /* CoreLocation.framework in Frameworks */ = {isa = PBXBuildFile; fileRef = 24E094631974B617008E08C2 /* CoreLocation.framework */; };
		24E0946C1974C13A008E08C2 /* libTestFlight.a in Frameworks */ = {isa = PBXBuildFile; fileRef = 24E094661974C13A008E08C2 /* libTestFlight.a */; };
		24E0946D1974C13A008E08C2 /* libTestFlight.a in Frameworks */ = {isa = PBXBuildFile; fileRef = 24E094661974C13A008E08C2 /* libTestFlight.a */; };
		24E0946E1974C13A008E08C2 /* README.md in Resources */ = {isa = PBXBuildFile; fileRef = 24E094671974C13A008E08C2 /* README.md */; };
		24E0946F1974C13A008E08C2 /* README.md in Resources */ = {isa = PBXBuildFile; fileRef = 24E094671974C13A008E08C2 /* README.md */; };
		24E094701974C13A008E08C2 /* release_notes.md in Resources */ = {isa = PBXBuildFile; fileRef = 24E094681974C13A008E08C2 /* release_notes.md */; };
		24E094711974C13A008E08C2 /* release_notes.md in Resources */ = {isa = PBXBuildFile; fileRef = 24E094681974C13A008E08C2 /* release_notes.md */; };
		24E094731974C178008E08C2 /* libz.dylib in Frameworks */ = {isa = PBXBuildFile; fileRef = 24E094721974C178008E08C2 /* libz.dylib */; };
/* End PBXBuildFile section */

/* Begin PBXContainerItemProxy section */
		2487BA861973BE9C004EE3E4 /* PBXContainerItemProxy */ = {
			isa = PBXContainerItemProxy;
			containerPortal = 2487BA5E1973BE9B004EE3E4 /* Project object */;
			proxyType = 1;
			remoteGlobalIDString = 2487BA651973BE9B004EE3E4;
			remoteInfo = HankakuTweet;
		};
/* End PBXContainerItemProxy section */

/* Begin PBXFileReference section */
		2487BA661973BE9B004EE3E4 /* HankakuTweet.app */ = {isa = PBXFileReference; explicitFileType = wrapper.application; includeInIndex = 0; path = HankakuTweet.app; sourceTree = BUILT_PRODUCTS_DIR; };
		2487BA691973BE9B004EE3E4 /* Foundation.framework */ = {isa = PBXFileReference; lastKnownFileType = wrapper.framework; name = Foundation.framework; path = System/Library/Frameworks/Foundation.framework; sourceTree = SDKROOT; };
		2487BA6B1973BE9B004EE3E4 /* CoreGraphics.framework */ = {isa = PBXFileReference; lastKnownFileType = wrapper.framework; name = CoreGraphics.framework; path = System/Library/Frameworks/CoreGraphics.framework; sourceTree = SDKROOT; };
		2487BA6D1973BE9B004EE3E4 /* UIKit.framework */ = {isa = PBXFileReference; lastKnownFileType = wrapper.framework; name = UIKit.framework; path = System/Library/Frameworks/UIKit.framework; sourceTree = SDKROOT; };
		2487BA711973BE9B004EE3E4 /* HankakuTweet-Info.plist */ = {isa = PBXFileReference; lastKnownFileType = text.plist.xml; path = "HankakuTweet-Info.plist"; sourceTree = "<group>"; };
		2487BA731973BE9B004EE3E4 /* en */ = {isa = PBXFileReference; lastKnownFileType = text.plist.strings; name = en; path = en.lproj/InfoPlist.strings; sourceTree = "<group>"; };
		2487BA751973BE9B004EE3E4 /* main.m */ = {isa = PBXFileReference; lastKnownFileType = sourcecode.c.objc; path = main.m; sourceTree = "<group>"; };
		2487BA771973BE9B004EE3E4 /* HankakuTweet-Prefix.pch */ = {isa = PBXFileReference; lastKnownFileType = sourcecode.c.h; path = "HankakuTweet-Prefix.pch"; sourceTree = "<group>"; };
		2487BA781973BE9B004EE3E4 /* AppDelegate.h */ = {isa = PBXFileReference; lastKnownFileType = sourcecode.c.h; path = AppDelegate.h; sourceTree = "<group>"; };
		2487BA791973BE9B004EE3E4 /* AppDelegate.m */ = {isa = PBXFileReference; lastKnownFileType = sourcecode.c.objc; path = AppDelegate.m; sourceTree = "<group>"; };
		2487BA7B1973BE9C004EE3E4 /* Images.xcassets */ = {isa = PBXFileReference; lastKnownFileType = folder.assetcatalog; path = Images.xcassets; sourceTree = "<group>"; };
		2487BA811973BE9C004EE3E4 /* HankakuTweetTests.xctest */ = {isa = PBXFileReference; explicitFileType = wrapper.cfbundle; includeInIndex = 0; path = HankakuTweetTests.xctest; sourceTree = BUILT_PRODUCTS_DIR; };
		2487BA821973BE9C004EE3E4 /* XCTest.framework */ = {isa = PBXFileReference; lastKnownFileType = wrapper.framework; name = XCTest.framework; path = Library/Frameworks/XCTest.framework; sourceTree = DEVELOPER_DIR; };
		2487BA8A1973BE9C004EE3E4 /* HankakuTweetTests-Info.plist */ = {isa = PBXFileReference; lastKnownFileType = text.plist.xml; path = "HankakuTweetTests-Info.plist"; sourceTree = "<group>"; };
		2487BA8C1973BE9C004EE3E4 /* en */ = {isa = PBXFileReference; lastKnownFileType = text.plist.strings; name = en; path = en.lproj/InfoPlist.strings; sourceTree = "<group>"; };
		2487BA8E1973BE9C004EE3E4 /* HankakuTweetTests.m */ = {isa = PBXFileReference; lastKnownFileType = sourcecode.c.objc; path = HankakuTweetTests.m; sourceTree = "<group>"; };
		2487BA981973CE98004EE3E4 /* Social.framework */ = {isa = PBXFileReference; lastKnownFileType = wrapper.framework; name = Social.framework; path = System/Library/Frameworks/Social.framework; sourceTree = SDKROOT; };
		2487BA9A1973CFCE004EE3E4 /* Main.storyboard */ = {isa = PBXFileReference; fileEncoding = 4; lastKnownFileType = file.storyboard; path = Main.storyboard; sourceTree = "<group>"; };
		2487BA9D1973D039004EE3E4 /* ViewController.h */ = {isa = PBXFileReference; fileEncoding = 4; lastKnownFileType = sourcecode.c.h; path = ViewController.h; sourceTree = "<group>"; };
		2487BA9E1973D039004EE3E4 /* ViewController.m */ = {isa = PBXFileReference; fileEncoding = 4; lastKnownFileType = sourcecode.c.objc; path = ViewController.m; sourceTree = "<group>"; };
		2487BAE51973DD79004EE3E4 /* NSString+HankakuKana.h */ = {isa = PBXFileReference; fileEncoding = 4; lastKnownFileType = sourcecode.c.h; path = "NSString+HankakuKana.h"; sourceTree = "<group>"; };
		2487BAE61973DD79004EE3E4 /* NSString+HankakuKana.m */ = {isa = PBXFileReference; fileEncoding = 4; lastKnownFileType = sourcecode.c.objc; path = "NSString+HankakuKana.m"; sourceTree = "<group>"; };
		24E0945A1974A2D6008E08C2 /* iAd.framework */ = {isa = PBXFileReference; lastKnownFileType = wrapper.framework; name = iAd.framework; path = System/Library/Frameworks/iAd.framework; sourceTree = SDKROOT; };
		24E0945C1974B5DC008E08C2 /* ImobileSdkAds.framework */ = {isa = PBXFileReference; lastKnownFileType = wrapper.framework; path = ImobileSdkAds.framework; sourceTree = "<group>"; };
		24E0945F1974B5FC008E08C2 /* SystemConfiguration.framework */ = {isa = PBXFileReference; lastKnownFileType = wrapper.framework; name = SystemConfiguration.framework; path = System/Library/Frameworks/SystemConfiguration.framework; sourceTree = SDKROOT; };
		24E094611974B60E008E08C2 /* AdSupport.framework */ = {isa = PBXFileReference; lastKnownFileType = wrapper.framework; name = AdSupport.framework; path = System/Library/Frameworks/AdSupport.framework; sourceTree = SDKROOT; };
		24E094631974B617008E08C2 /* CoreLocation.framework */ = {isa = PBXFileReference; lastKnownFileType = wrapper.framework; name = CoreLocation.framework; path = System/Library/Frameworks/CoreLocation.framework; sourceTree = SDKROOT; };
		24E094661974C13A008E08C2 /* libTestFlight.a */ = {isa = PBXFileReference; lastKnownFileType = archive.ar; path = libTestFlight.a; sourceTree = "<group>"; };
		24E094671974C13A008E08C2 /* README.md */ = {isa = PBXFileReference; fileEncoding = 4; lastKnownFileType = text; path = README.md; sourceTree = "<group>"; };
		24E094681974C13A008E08C2 /* release_notes.md */ = {isa = PBXFileReference; fileEncoding = 4; lastKnownFileType = text; path = release_notes.md; sourceTree = "<group>"; };
		24E094691974C13A008E08C2 /* TestFlight+AsyncLogging.h */ = {isa = PBXFileReference; fileEncoding = 4; lastKnownFileType = sourcecode.c.h; path = "TestFlight+AsyncLogging.h"; sourceTree = "<group>"; };
		24E0946A1974C13A008E08C2 /* TestFlight+ManualSessions.h */ = {isa = PBXFileReference; fileEncoding = 4; lastKnownFileType = sourcecode.c.h; path = "TestFlight+ManualSessions.h"; sourceTree = "<group>"; };
		24E0946B1974C13A008E08C2 /* TestFlight.h */ = {isa = PBXFileReference; fileEncoding = 4; lastKnownFileType = sourcecode.c.h; path = TestFlight.h; sourceTree = "<group>"; };
		24E094721974C178008E08C2 /* libz.dylib */ = {isa = PBXFileReference; lastKnownFileType = "compiled.mach-o.dylib"; name = libz.dylib; path = usr/lib/libz.dylib; sourceTree = SDKROOT; };
/* End PBXFileReference section */

/* Begin PBXFrameworksBuildPhase section */
		2487BA631973BE9B004EE3E4 /* Frameworks */ = {
			isa = PBXFrameworksBuildPhase;
			buildActionMask = 2147483647;
			files = (
				24E094731974C178008E08C2 /* libz.dylib in Frameworks */,
				24E094641974B617008E08C2 /* CoreLocation.framework in Frameworks */,
				24E094621974B60E008E08C2 /* AdSupport.framework in Frameworks */,
				24E094601974B5FC008E08C2 /* SystemConfiguration.framework in Frameworks */,
				24E0945D1974B5DC008E08C2 /* ImobileSdkAds.framework in Frameworks */,
				24E0945B1974A2D6008E08C2 /* iAd.framework in Frameworks */,
				24E0946C1974C13A008E08C2 /* libTestFlight.a in Frameworks */,
				2487BA991973CE98004EE3E4 /* Social.framework in Frameworks */,
				2487BA6C1973BE9B004EE3E4 /* CoreGraphics.framework in Frameworks */,
				2487BA6E1973BE9B004EE3E4 /* UIKit.framework in Frameworks */,
				2487BA6A1973BE9B004EE3E4 /* Foundation.framework in Frameworks */,
			);
			runOnlyForDeploymentPostprocessing = 0;
		};
		2487BA7E1973BE9C004EE3E4 /* Frameworks */ = {
			isa = PBXFrameworksBuildPhase;
			buildActionMask = 2147483647;
			files = (
				24E0946D1974C13A008E08C2 /* libTestFlight.a in Frameworks */,
				2487BA831973BE9C004EE3E4 /* XCTest.framework in Frameworks */,
				2487BA851973BE9C004EE3E4 /* UIKit.framework in Frameworks */,
				24E0945E1974B5DC008E08C2 /* ImobileSdkAds.framework in Frameworks */,
				2487BA841973BE9C004EE3E4 /* Foundation.framework in Frameworks */,
			);
			runOnlyForDeploymentPostprocessing = 0;
		};
/* End PBXFrameworksBuildPhase section */

/* Begin PBXGroup section */
		2487BA5D1973BE9B004EE3E4 = {
			isa = PBXGroup;
			children = (
				2487BA6F1973BE9B004EE3E4 /* HankakuTweet */,
				2487BA881973BE9C004EE3E4 /* HankakuTweetTests */,
				2487BA681973BE9B004EE3E4 /* Frameworks */,
				2487BA671973BE9B004EE3E4 /* Products */,
			);
			sourceTree = "<group>";
		};
		2487BA671973BE9B004EE3E4 /* Products */ = {
			isa = PBXGroup;
			children = (
				2487BA661973BE9B004EE3E4 /* HankakuTweet.app */,
				2487BA811973BE9C004EE3E4 /* HankakuTweetTests.xctest */,
			);
			name = Products;
			sourceTree = "<group>";
		};
		2487BA681973BE9B004EE3E4 /* Frameworks */ = {
			isa = PBXGroup;
			children = (
				24E094721974C178008E08C2 /* libz.dylib */,
				24E094631974B617008E08C2 /* CoreLocation.framework */,
				24E094611974B60E008E08C2 /* AdSupport.framework */,
				24E0945F1974B5FC008E08C2 /* SystemConfiguration.framework */,
				24E0945C1974B5DC008E08C2 /* ImobileSdkAds.framework */,
				24E0945A1974A2D6008E08C2 /* iAd.framework */,
				2487BA981973CE98004EE3E4 /* Social.framework */,
				2487BA691973BE9B004EE3E4 /* Foundation.framework */,
				2487BA6B1973BE9B004EE3E4 /* CoreGraphics.framework */,
				2487BA6D1973BE9B004EE3E4 /* UIKit.framework */,
				2487BA821973BE9C004EE3E4 /* XCTest.framework */,
			);
			name = Frameworks;
			sourceTree = "<group>";
		};
		2487BA6F1973BE9B004EE3E4 /* HankakuTweet */ = {
			isa = PBXGroup;
			children = (
				24E094651974C13A008E08C2 /* TestFlightSDK3.0.2 */,
				2487BA781973BE9B004EE3E4 /* AppDelegate.h */,
				2487BA791973BE9B004EE3E4 /* AppDelegate.m */,
				2487BA7B1973BE9C004EE3E4 /* Images.xcassets */,
				2487BA701973BE9B004EE3E4 /* Supporting Files */,
				2487BA9A1973CFCE004EE3E4 /* Main.storyboard */,
				2487BA9D1973D039004EE3E4 /* ViewController.h */,
				2487BA9E1973D039004EE3E4 /* ViewController.m */,
				2487BAE51973DD79004EE3E4 /* NSString+HankakuKana.h */,
				2487BAE61973DD79004EE3E4 /* NSString+HankakuKana.m */,
			);
			path = HankakuTweet;
			sourceTree = "<group>";
		};
		2487BA701973BE9B004EE3E4 /* Supporting Files */ = {
			isa = PBXGroup;
			children = (
				2487BA711973BE9B004EE3E4 /* HankakuTweet-Info.plist */,
				2487BA721973BE9B004EE3E4 /* InfoPlist.strings */,
				2487BA751973BE9B004EE3E4 /* main.m */,
				2487BA771973BE9B004EE3E4 /* HankakuTweet-Prefix.pch */,
			);
			name = "Supporting Files";
			sourceTree = "<group>";
		};
		2487BA881973BE9C004EE3E4 /* HankakuTweetTests */ = {
			isa = PBXGroup;
			children = (
				2487BA8E1973BE9C004EE3E4 /* HankakuTweetTests.m */,
				2487BA891973BE9C004EE3E4 /* Supporting Files */,
			);
			path = HankakuTweetTests;
			sourceTree = "<group>";
		};
		2487BA891973BE9C004EE3E4 /* Supporting Files */ = {
			isa = PBXGroup;
			children = (
				2487BA8A1973BE9C004EE3E4 /* HankakuTweetTests-Info.plist */,
				2487BA8B1973BE9C004EE3E4 /* InfoPlist.strings */,
			);
			name = "Supporting Files";
			sourceTree = "<group>";
		};
		24E094651974C13A008E08C2 /* TestFlightSDK3.0.2 */ = {
			isa = PBXGroup;
			children = (
				24E094661974C13A008E08C2 /* libTestFlight.a */,
				24E094671974C13A008E08C2 /* README.md */,
				24E094681974C13A008E08C2 /* release_notes.md */,
				24E094691974C13A008E08C2 /* TestFlight+AsyncLogging.h */,
				24E0946A1974C13A008E08C2 /* TestFlight+ManualSessions.h */,
				24E0946B1974C13A008E08C2 /* TestFlight.h */,
			);
			path = TestFlightSDK3.0.2;
			sourceTree = "<group>";
		};
/* End PBXGroup section */

/* Begin PBXNativeTarget section */
		2487BA651973BE9B004EE3E4 /* HankakuTweet */ = {
			isa = PBXNativeTarget;
			buildConfigurationList = 2487BA921973BE9C004EE3E4 /* Build configuration list for PBXNativeTarget "HankakuTweet" */;
			buildPhases = (
				2487BA621973BE9B004EE3E4 /* Sources */,
				2487BA631973BE9B004EE3E4 /* Frameworks */,
				2487BA641973BE9B004EE3E4 /* Resources */,
			);
			buildRules = (
			);
			dependencies = (
			);
			name = HankakuTweet;
			productName = HankakuTweet;
			productReference = 2487BA661973BE9B004EE3E4 /* HankakuTweet.app */;
			productType = "com.apple.product-type.application";
		};
		2487BA801973BE9C004EE3E4 /* HankakuTweetTests */ = {
			isa = PBXNativeTarget;
			buildConfigurationList = 2487BA951973BE9C004EE3E4 /* Build configuration list for PBXNativeTarget "HankakuTweetTests" */;
			buildPhases = (
				2487BA7D1973BE9C004EE3E4 /* Sources */,
				2487BA7E1973BE9C004EE3E4 /* Frameworks */,
				2487BA7F1973BE9C004EE3E4 /* Resources */,
			);
			buildRules = (
			);
			dependencies = (
				2487BA871973BE9C004EE3E4 /* PBXTargetDependency */,
			);
			name = HankakuTweetTests;
			productName = HankakuTweetTests;
			productReference = 2487BA811973BE9C004EE3E4 /* HankakuTweetTests.xctest */;
			productType = "com.apple.product-type.bundle.unit-test";
		};
/* End PBXNativeTarget section */

/* Begin PBXProject section */
		2487BA5E1973BE9B004EE3E4 /* Project object */ = {
			isa = PBXProject;
			attributes = {
				LastUpgradeCheck = 0510;
				ORGANIZATIONNAME = ppworks;
				TargetAttributes = {
					2487BA801973BE9C004EE3E4 = {
						TestTargetID = 2487BA651973BE9B004EE3E4;
					};
				};
			};
			buildConfigurationList = 2487BA611973BE9B004EE3E4 /* Build configuration list for PBXProject "HankakuTweet" */;
			compatibilityVersion = "Xcode 3.2";
			developmentRegion = English;
			hasScannedForEncodings = 0;
			knownRegions = (
				en,
			);
			mainGroup = 2487BA5D1973BE9B004EE3E4;
			productRefGroup = 2487BA671973BE9B004EE3E4 /* Products */;
			projectDirPath = "";
			projectRoot = "";
			targets = (
				2487BA651973BE9B004EE3E4 /* HankakuTweet */,
				2487BA801973BE9C004EE3E4 /* HankakuTweetTests */,
			);
		};
/* End PBXProject section */

/* Begin PBXResourcesBuildPhase section */
		2487BA641973BE9B004EE3E4 /* Resources */ = {
			isa = PBXResourcesBuildPhase;
			buildActionMask = 2147483647;
			files = (
				2487BA9B1973CFCE004EE3E4 /* Main.storyboard in Resources */,
				2487BA741973BE9B004EE3E4 /* InfoPlist.strings in Resources */,
				24E0946E1974C13A008E08C2 /* README.md in Resources */,
				2487BA7C1973BE9C004EE3E4 /* Images.xcassets in Resources */,
				24E094701974C13A008E08C2 /* release_notes.md in Resources */,
			);
			runOnlyForDeploymentPostprocessing = 0;
		};
		2487BA7F1973BE9C004EE3E4 /* Resources */ = {
			isa = PBXResourcesBuildPhase;
			buildActionMask = 2147483647;
			files = (
				24E094711974C13A008E08C2 /* release_notes.md in Resources */,
				24E0946F1974C13A008E08C2 /* README.md in Resources */,
				2487BA8D1973BE9C004EE3E4 /* InfoPlist.strings in Resources */,
				2487BA9C1973CFCE004EE3E4 /* Main.storyboard in Resources */,
			);
			runOnlyForDeploymentPostprocessing = 0;
		};
/* End PBXResourcesBuildPhase section */

/* Begin PBXSourcesBuildPhase section */
		2487BA621973BE9B004EE3E4 /* Sources */ = {
			isa = PBXSourcesBuildPhase;
			buildActionMask = 2147483647;
			files = (
				2487BA9F1973D039004EE3E4 /* ViewController.m in Sources */,
				2487BA7A1973BE9B004EE3E4 /* AppDelegate.m in Sources */,
				2487BAE71973DD79004EE3E4 /* NSString+HankakuKana.m in Sources */,
				2487BA761973BE9B004EE3E4 /* main.m in Sources */,
			);
			runOnlyForDeploymentPostprocessing = 0;
		};
		2487BA7D1973BE9C004EE3E4 /* Sources */ = {
			isa = PBXSourcesBuildPhase;
			buildActionMask = 2147483647;
			files = (
				2487BAE81973DD79004EE3E4 /* NSString+HankakuKana.m in Sources */,
				2487BAA01973D039004EE3E4 /* ViewController.m in Sources */,
				2487BA8F1973BE9C004EE3E4 /* HankakuTweetTests.m in Sources */,
			);
			runOnlyForDeploymentPostprocessing = 0;
		};
/* End PBXSourcesBuildPhase section */

/* Begin PBXTargetDependency section */
		2487BA871973BE9C004EE3E4 /* PBXTargetDependency */ = {
			isa = PBXTargetDependency;
			target = 2487BA651973BE9B004EE3E4 /* HankakuTweet */;
			targetProxy = 2487BA861973BE9C004EE3E4 /* PBXContainerItemProxy */;
		};
/* End PBXTargetDependency section */

/* Begin PBXVariantGroup section */
		2487BA721973BE9B004EE3E4 /* InfoPlist.strings */ = {
			isa = PBXVariantGroup;
			children = (
				2487BA731973BE9B004EE3E4 /* en */,
			);
			name = InfoPlist.strings;
			sourceTree = "<group>";
		};
		2487BA8B1973BE9C004EE3E4 /* InfoPlist.strings */ = {
			isa = PBXVariantGroup;
			children = (
				2487BA8C1973BE9C004EE3E4 /* en */,
			);
			name = InfoPlist.strings;
			sourceTree = "<group>";
		};
/* End PBXVariantGroup section */

/* Begin XCBuildConfiguration section */
		2487BA901973BE9C004EE3E4 /* Debug */ = {
			isa = XCBuildConfiguration;
			buildSettings = {
				ALWAYS_SEARCH_USER_PATHS = NO;
				CLANG_CXX_LANGUAGE_STANDARD = "gnu++0x";
				CLANG_CXX_LIBRARY = "libc++";
				CLANG_ENABLE_MODULES = YES;
				CLANG_ENABLE_OBJC_ARC = YES;
				CLANG_WARN_BOOL_CONVERSION = YES;
				CLANG_WARN_CONSTANT_CONVERSION = YES;
				CLANG_WARN_DIRECT_OBJC_ISA_USAGE = YES_ERROR;
				CLANG_WARN_EMPTY_BODY = YES;
				CLANG_WARN_ENUM_CONVERSION = YES;
				CLANG_WARN_INT_CONVERSION = YES;
				CLANG_WARN_OBJC_ROOT_CLASS = YES_ERROR;
				CLANG_WARN__DUPLICATE_METHOD_MATCH = YES;
				"CODE_SIGN_IDENTITY[sdk=iphoneos*]" = "iPhone Developer";
				COPY_PHASE_STRIP = NO;
				GCC_C_LANGUAGE_STANDARD = gnu99;
				GCC_DYNAMIC_NO_PIC = NO;
				GCC_OPTIMIZATION_LEVEL = 0;
				GCC_PREPROCESSOR_DEFINITIONS = (
					"DEBUG=1",
					"$(inherited)",
				);
				GCC_SYMBOLS_PRIVATE_EXTERN = NO;
				GCC_WARN_64_TO_32_BIT_CONVERSION = YES;
				GCC_WARN_ABOUT_RETURN_TYPE = YES_ERROR;
				GCC_WARN_UNDECLARED_SELECTOR = YES;
				GCC_WARN_UNINITIALIZED_AUTOS = YES_AGGRESSIVE;
				GCC_WARN_UNUSED_FUNCTION = YES;
				GCC_WARN_UNUSED_VARIABLE = YES;
				IPHONEOS_DEPLOYMENT_TARGET = 7.1;
				ONLY_ACTIVE_ARCH = YES;
				SDKROOT = iphoneos;
				TARGETED_DEVICE_FAMILY = "1,2";
			};
			name = Debug;
		};
		2487BA911973BE9C004EE3E4 /* Release */ = {
			isa = XCBuildConfiguration;
			buildSettings = {
				ALWAYS_SEARCH_USER_PATHS = NO;
				CLANG_CXX_LANGUAGE_STANDARD = "gnu++0x";
				CLANG_CXX_LIBRARY = "libc++";
				CLANG_ENABLE_MODULES = YES;
				CLANG_ENABLE_OBJC_ARC = YES;
				CLANG_WARN_BOOL_CONVERSION = YES;
				CLANG_WARN_CONSTANT_CONVERSION = YES;
				CLANG_WARN_DIRECT_OBJC_ISA_USAGE = YES_ERROR;
				CLANG_WARN_EMPTY_BODY = YES;
				CLANG_WARN_ENUM_CONVERSION = YES;
				CLANG_WARN_INT_CONVERSION = YES;
				CLANG_WARN_OBJC_ROOT_CLASS = YES_ERROR;
				CLANG_WARN__DUPLICATE_METHOD_MATCH = YES;
				"CODE_SIGN_IDENTITY[sdk=iphoneos*]" = "iPhone Developer";
				COPY_PHASE_STRIP = YES;
				ENABLE_NS_ASSERTIONS = NO;
				GCC_C_LANGUAGE_STANDARD = gnu99;
				GCC_WARN_64_TO_32_BIT_CONVERSION = YES;
				GCC_WARN_ABOUT_RETURN_TYPE = YES_ERROR;
				GCC_WARN_UNDECLARED_SELECTOR = YES;
				GCC_WARN_UNINITIALIZED_AUTOS = YES_AGGRESSIVE;
				GCC_WARN_UNUSED_FUNCTION = YES;
				GCC_WARN_UNUSED_VARIABLE = YES;
				IPHONEOS_DEPLOYMENT_TARGET = 7.1;
				SDKROOT = iphoneos;
				TARGETED_DEVICE_FAMILY = "1,2";
				VALIDATE_PRODUCT = YES;
			};
			name = Release;
		};
		2487BA931973BE9C004EE3E4 /* Debug */ = {
			isa = XCBuildConfiguration;
			buildSettings = {
				ASSETCATALOG_COMPILER_APPICON_NAME = AppIcon;
				ASSETCATALOG_COMPILER_LAUNCHIMAGE_NAME = LaunchImage;
				CODE_SIGN_IDENTITY = "iPhone Developer";
				FRAMEWORK_SEARCH_PATHS = (
					"$(inherited)",
					"$(PROJECT_DIR)",
				);
				GCC_PRECOMPILE_PREFIX_HEADER = YES;
				GCC_PREFIX_HEADER = "HankakuTweet/HankakuTweet-Prefix.pch";
				INFOPLIST_FILE = "HankakuTweet/HankakuTweet-Info.plist";
				LIBRARY_SEARCH_PATHS = (
					"$(inherited)",
					"$(PROJECT_DIR)/HankakuTweet/TestFlightSDK3.0.2",
				);
				PRODUCT_NAME = "$(TARGET_NAME)";
				WRAPPER_EXTENSION = app;
			};
			name = Debug;
		};
		2487BA941973BE9C004EE3E4 /* Release */ = {
			isa = XCBuildConfiguration;
			buildSettings = {
				ASSETCATALOG_COMPILER_APPICON_NAME = AppIcon;
				ASSETCATALOG_COMPILER_LAUNCHIMAGE_NAME = LaunchImage;
				CODE_SIGN_IDENTITY = "iPhone Distribution";
				FRAMEWORK_SEARCH_PATHS = (
					"$(inherited)",
					"$(PROJECT_DIR)",
				);
				GCC_PRECOMPILE_PREFIX_HEADER = YES;
				GCC_PREFIX_HEADER = "HankakuTweet/HankakuTweet-Prefix.pch";
				INFOPLIST_FILE = "HankakuTweet/HankakuTweet-Info.plist";
				LIBRARY_SEARCH_PATHS = (
					"$(inherited)",
					"$(PROJECT_DIR)/HankakuTweet/TestFlightSDK3.0.2",
				);
				PRODUCT_NAME = "$(TARGET_NAME)";
				WRAPPER_EXTENSION = app;
			};
			name = Release;
		};
		2487BA961973BE9C004EE3E4 /* Debug */ = {
			isa = XCBuildConfiguration;
			buildSettings = {
				BUNDLE_LOADER = "$(BUILT_PRODUCTS_DIR)/HankakuTweet.app/HankakuTweet";
				FRAMEWORK_SEARCH_PATHS = (
					"$(SDKROOT)/Developer/Library/Frameworks",
					"$(inherited)",
					"$(DEVELOPER_FRAMEWORKS_DIR)",
					"$(PROJECT_DIR)",
				);
				GCC_PRECOMPILE_PREFIX_HEADER = YES;
				GCC_PREFIX_HEADER = "HankakuTweet/HankakuTweet-Prefix.pch";
				GCC_PREPROCESSOR_DEFINITIONS = (
					"DEBUG=1",
					"$(inherited)",
				);
				INFOPLIST_FILE = "HankakuTweetTests/HankakuTweetTests-Info.plist";
				LIBRARY_SEARCH_PATHS = (
					"$(inherited)",
					"$(PROJECT_DIR)/HankakuTweet/TestFlightSDK3.0.2",
				);
				PRODUCT_NAME = "$(TARGET_NAME)";
				TEST_HOST = "$(BUNDLE_LOADER)";
				WRAPPER_EXTENSION = xctest;
			};
			name = Debug;
		};
		2487BA971973BE9C004EE3E4 /* Release */ = {
			isa = XCBuildConfiguration;
			buildSettings = {
				BUNDLE_LOADER = "$(BUILT_PRODUCTS_DIR)/HankakuTweet.app/HankakuTweet";
				FRAMEWORK_SEARCH_PATHS = (
					"$(SDKROOT)/Developer/Library/Frameworks",
					"$(inherited)",
					"$(DEVELOPER_FRAMEWORKS_DIR)",
					"$(PROJECT_DIR)",
				);
				GCC_PRECOMPILE_PREFIX_HEADER = YES;
				GCC_PREFIX_HEADER = "HankakuTweet/HankakuTweet-Prefix.pch";
				INFOPLIST_FILE = "HankakuTweetTests/HankakuTweetTests-Info.plist";
				LIBRARY_SEARCH_PATHS = (
					"$(inherited)",
					"$(PROJECT_DIR)/HankakuTweet/TestFlightSDK3.0.2",
				);
				PRODUCT_NAME = "$(TARGET_NAME)";
				TEST_HOST = "$(BUNDLE_LOADER)";
				WRAPPER_EXTENSION = xctest;
			};
			name = Release;
		};
/* End XCBuildConfiguration section */

/* Begin XCConfigurationList section */
		2487BA611973BE9B004EE3E4 /* Build configuration list for PBXProject "HankakuTweet" */ = {
			isa = XCConfigurationList;
			buildConfigurations = (
				2487BA901973BE9C004EE3E4 /* Debug */,
				2487BA911973BE9C004EE3E4 /* Release */,
			);
			defaultConfigurationIsVisible = 0;
			defaultConfigurationName = Release;
		};
		2487BA921973BE9C004EE3E4 /* Build configuration list for PBXNativeTarget "HankakuTweet" */ = {
			isa = XCConfigurationList;
			buildConfigurations = (
				2487BA931973BE9C004EE3E4 /* Debug */,
				2487BA941973BE9C004EE3E4 /* Release */,
			);
			defaultConfigurationIsVisible = 0;
			defaultConfigurationName = Release;
		};
		2487BA951973BE9C004EE3E4 /* Build configuration list for PBXNativeTarget "HankakuTweetTests" */ = {
			isa = XCConfigurationList;
			buildConfigurations = (
				2487BA961973BE9C004EE3E4 /* Debug */,
				2487BA971973BE9C004EE3E4 /* Release */,
			);
			defaultConfigurationIsVisible = 0;
			defaultConfigurationName = Release;
		};
/* End XCConfigurationList section */
	};
	rootObject = 2487BA5E1973BE9B004EE3E4 /* Project object */;
}
